
Microsoft Visual Studio Solution File, Format Version 12.00
# Visual Studio Version 17
VisualStudioVersion = 17.11.35312.102
MinimumVisualStudioVersion = 10.0.40219.1
Project("{FAE04EC0-301F-11D3-BF4B-00C04F79EFBC}") = "Connect4Client", "Connect4Client\Connect4Client.csproj", "{EF6C2780-574F-4AFD-A78B-78F7F4A0AE44}"
EndProject
Project("{FAE04EC0-301F-11D3-BF4B-00C04F79EFBC}") = "Connect4Server", "Connect4Server\Connect4Server.csproj", "{05E15B2C-7FA0-465D-ACA3-857561E0197D}"
EndProject
Global
	GlobalSection(SolutionConfigurationPlatforms) = preSolution
		Debug|Any CPU = Debug|Any CPU
		Release|Any CPU = Release|Any CPU
	EndGlobalSection
	GlobalSection(ProjectConfigurationPlatforms) = postSolution
		{EF6C2780-574F-4AFD-A78B-78F7F4A0AE44}.Debug|Any CPU.ActiveCfg = Debug|Any CPU
		{EF6C2780-574F-4AFD-A78B-78F7F4A0AE44}.Debug|Any CPU.Build.0 = Debug|Any CPU
		{EF6C2780-574F-4AFD-A78B-78F7F4A0AE44}.Release|Any CPU.ActiveCfg = Release|Any CPU
		{EF6C2780-574F-4AFD-A78B-78F7F4A0AE44}.Release|Any CPU.Build.0 = Release|Any CPU
		{05E15B2C-7FA0-465D-ACA3-857561E0197D}.Debug|Any CPU.ActiveCfg = Debug|Any CPU
		{05E15B2C-7FA0-465D-ACA3-857561E0197D}.Debug|Any CPU.Build.0 = Debug|Any CPU
		{05E15B2C-7FA0-465D-ACA3-857561E0197D}.Release|Any CPU.ActiveCfg = Release|Any CPU
		{05E15B2C-7FA0-465D-ACA3-857561E0197D}.Release|Any CPU.Build.0 = Release|Any CPU
	EndGlobalSection
	GlobalSection(SolutionProperties) = preSolution
		HideSolutionNode = FALSE
	EndGlobalSection
	GlobalSection(ExtensibilityGlobals) = postSolution
		SolutionGuid = {E237618C-7707-420A-BAB3-2921810EDDA5}
	EndGlobalSection
EndGlobal
